
Microsoft Visual Studio Solution File, Format Version 12.00
# Visual Studio Version 16
VisualStudioVersion = 16.0.32802.440
MinimumVisualStudioVersion = 10.0.40219.1
Project("{9A19103F-16F7-4668-BE54-9A1E7A4F7556}") = "Secundomer", "Secundomer.csproj", "{54CE71D9-49B5-4FB1-ABD6-66FA197C7803}"
EndProject
Global
	GlobalSection(SolutionConfigurationPlatforms) = preSolution
		Debug|Any CPU = Debug|Any CPU
		Release|Any CPU = Release|Any CPU
	EndGlobalSection
	GlobalSection(ProjectConfigurationPlatforms) = postSolution
		{54CE71D9-49B5-4FB1-ABD6-66FA197C7803}.Debug|Any CPU.ActiveCfg = Debug|Any CPU
		{54CE71D9-49B5-4FB1-ABD6-66FA197C7803}.Debug|Any CPU.Build.0 = Debug|Any CPU
		{54CE71D9-49B5-4FB1-ABD6-66FA197C7803}.Release|Any CPU.ActiveCfg = Release|Any CPU
		{54CE71D9-49B5-4FB1-ABD6-66FA197C7803}.Release|Any CPU.Build.0 = Release|Any CPU
	EndGlobalSection
	GlobalSection(SolutionProperties) = preSolution
		HideSolutionNode = FALSE
	EndGlobalSection
	GlobalSection(ExtensibilityGlobals) = postSolution
		SolutionGuid = {A2C7611A-7BC2-4C52-B58F-56C512BED81D}
	EndGlobalSection
EndGlobal
